github.com/hugomods/icons v0.6.6 h1:gGlafcBDRP7sSID+tgLcWdog+s/QBj8DIfU+h9tZj1U=
github.com/hugomods/icons v0.6.6/go.mod h1:cIkSvK6W0q6N4U6n9KGz+QfRWQXAW0INd+1P31gPNGg=
github.com/hugomods/icons/vendors/simple-icons v1.1.1 h1:ZM+Oi+U3glq+WuVMsoplkQpCnRLd6UU416NZCydtPvw=
github.com/hugomods/icons/vendors/simple-icons v1.1.1/go.mod h1:ZKdcZ++UGSRnEoaVL+MTth91x4NJRIe8aJOD8oAFcRA=
github.com/hugomods/images v0.11.2 h1:d7u3c/ePboeOGx8OI5eUnilpA79YvD7KJjUgqVMR83Y=
github.com/hugomods/images v0.11.2/go.mod h1:U6Gwj16LKvk66rOMyGFrnF6f0aV8lT89lqOsckOAjYY=
github.com/hugomods/umami-analytics v0.3.1 h1:C4B1oKRBvCRamH3muiWK+QNbehmxd+7DiK80jHCdMJo=
github.com/hugomods/umami-analytics v0.3.1/go.mod h1:nlZGLPH5L+H25+HwmuzHsEfM869+tMTUTcSUBcOQEm4=
